// !$*UTF8*$!
{
	archiveVersion = 1;
	classes = {
	};
	objectVersion = 51;
	objects = {

/* Begin PBXBuildFile section */
		7C69F78C2656039200055389 /* AppFrameworksViewController.swift in Sources */ = {isa = PBXBuildFile; fileRef = 7C69F78B2656039200055389 /* AppFrameworksViewController.swift */; };
		7C69F7972656091400055389 /* AppServicesViewController.swift in Sources */ = {isa = PBXBuildFile; fileRef = 7C69F7962656091400055389 /* AppServicesViewController.swift */; };
		7C69F79F2656091F00055389 /* GraphicsandGamesViewController.swift in Sources */ = {isa = PBXBuildFile; fileRef = 7C69F79E2656091F00055389 /* GraphicsandGamesViewController.swift */; };
		7C69F7A42656092E00055389 /* MediaViewController.swift in Sources */ = {isa = PBXBuildFile; fileRef = 7C69F7A32656092E00055389 /* MediaViewController.swift */; };
		7C69F7A92656093900055389 /* SystemViewController.swift in Sources */ = {isa = PBXBuildFile; fileRef = 7C69F7A82656093900055389 /* SystemViewController.swift */; };
		7C69F7AE2656094300055389 /* WebViewController.swift in Sources */ = {isa = PBXBuildFile; fileRef = 7C69F7AD2656094300055389 /* WebViewController.swift */; };
		7C69F7BB265650F700055389 /* ScreenTimeViewController.swift in Sources */ = {isa = PBXBuildFile; fileRef = 7C69F7BA265650F700055389 /* ScreenTimeViewController.swift */; };
		7C69F7C82656549D00055389 /* ScreenTimeDemoViewController.swift in Sources */ = {isa = PBXBuildFile; fileRef = 7C69F7C72656549D00055389 /* ScreenTimeDemoViewController.swift */; };
		7CA3E2A82654AAB400001D7A /* AppDelegate.swift in Sources */ = {isa = PBXBuildFile; fileRef = 7CA3E2A72654AAB400001D7A /* AppDelegate.swift */; };
		7CA3E2AC2654AAB400001D7A /* ViewController.swift in Sources */ = {isa = PBXBuildFile; fileRef = 7CA3E2AB2654AAB400001D7A /* ViewController.swift */; };
		7CA3E2AF2654AAB400001D7A /* Main.storyboard in Resources */ = {isa = PBXBuildFile; fileRef = 7CA3E2AD2654AAB400001D7A /* Main.storyboard */; };
		7CA3E2B12654AAB500001D7A /* Assets.xcassets in Resources */ = {isa = PBXBuildFile; fileRef = 7CA3E2B02654AAB500001D7A /* Assets.xcassets */; };
		7CA3E2B42654AAB500001D7A /* LaunchScreen.storyboard in Resources */ = {isa = PBXBuildFile; fileRef = 7CA3E2B22654AAB500001D7A /* LaunchScreen.storyboard */; };
		7CA3E2BF2654AAB500001D7A /* WyhFoundationTests.swift in Sources */ = {isa = PBXBuildFile; fileRef = 7CA3E2BE2654AAB500001D7A /* WyhFoundationTests.swift */; };
		7CA3E2CA2654AAB500001D7A /* WyhFoundationUITests.swift in Sources */ = {isa = PBXBuildFile; fileRef = 7CA3E2C92654AAB500001D7A /* WyhFoundationUITests.swift */; };
		7CA3E2E82654B01F00001D7A /* UIView_Extension.swift in Sources */ = {isa = PBXBuildFile; fileRef = 7CA3E2E72654B01F00001D7A /* UIView_Extension.swift */; };
		7CA3E2EE2654B17E00001D7A /* WyhHeader.swift in Sources */ = {isa = PBXBuildFile; fileRef = 7CA3E2ED2654B17E00001D7A /* WyhHeader.swift */; };
		7CA3E2FE2654B31C00001D7A /* SCDSwiftKit.swift in Sources */ = {isa = PBXBuildFile; fileRef = 7CA3E2F42654B31C00001D7A /* SCDSwiftKit.swift */; };
		7CA3E2FF2654B31C00001D7A /* SCDTextFieldAttributes.swift in Sources */ = {isa = PBXBuildFile; fileRef = 7CA3E2F62654B31C00001D7A /* SCDTextFieldAttributes.swift */; };
		7CA3E3002654B31C00001D7A /* SCDTableViewAttributes.swift in Sources */ = {isa = PBXBuildFile; fileRef = 7CA3E2F72654B31C00001D7A /* SCDTableViewAttributes.swift */; };
		7CA3E3012654B31C00001D7A /* SCDViewAttributes.swift in Sources */ = {isa = PBXBuildFile; fileRef = 7CA3E2F82654B31C00001D7A /* SCDViewAttributes.swift */; };
		7CA3E3022654B31C00001D7A /* SCDScrollViewAttributes.swift in Sources */ = {isa = PBXBuildFile; fileRef = 7CA3E2F92654B31C00001D7A /* SCDScrollViewAttributes.swift */; };
		7CA3E3032654B31C00001D7A /* SCDButtonAttributes.swift in Sources */ = {isa = PBXBuildFile; fileRef = 7CA3E2FA2654B31C00001D7A /* SCDButtonAttributes.swift */; };
		7CA3E3042654B31C00001D7A /* SCDImageViewAttributes.swift in Sources */ = {isa = PBXBuildFile; fileRef = 7CA3E2FB2654B31C00001D7A /* SCDImageViewAttributes.swift */; };
		7CA3E3052654B31C00001D7A /* SCDLabelAttributes.swift in Sources */ = {isa = PBXBuildFile; fileRef = 7CA3E2FC2654B31C00001D7A /* SCDLabelAttributes.swift */; };
		7CA3E3062654B31C00001D7A /* SCDTextViewAttributes.swift in Sources */ = {isa = PBXBuildFile; fileRef = 7CA3E2FD2654B31C00001D7A /* SCDTextViewAttributes.swift */; };
		7CA3E30C2654B3A100001D7A /* swiftgen.template.yml in Resources */ = {isa = PBXBuildFile; fileRef = 7CA3E30B2654B3A100001D7A /* swiftgen.template.yml */; };
		7CA3E3112654B3B000001D7A /* v_color.txt in Resources */ = {isa = PBXBuildFile; fileRef = 7CA3E3102654B3B000001D7A /* v_color.txt */; };
		7CA3E3192654B45E00001D7A /* Assets.swift in Sources */ = {isa = PBXBuildFile; fileRef = 7CA3E3182654B45E00001D7A /* Assets.swift */; };
		7CA3E31E2654B46600001D7A /* Colors.swift in Sources */ = {isa = PBXBuildFile; fileRef = 7CA3E31D2654B46600001D7A /* Colors.swift */; };
		7CA3E3282654B7AB00001D7A /* BaseViewController.swift in Sources */ = {isa = PBXBuildFile; fileRef = 7CA3E3252654B7AB00001D7A /* BaseViewController.swift */; };
		7CA3E3292654B7AB00001D7A /* BaseTableViewCell.swift in Sources */ = {isa = PBXBuildFile; fileRef = 7CA3E3262654B7AB00001D7A /* BaseTableViewCell.swift */; };
		7CA3E3312654B7EA00001D7A /* BaseNaviView.swift in Sources */ = {isa = PBXBuildFile; fileRef = 7CA3E3302654B7EA00001D7A /* BaseNaviView.swift */; };
		7CA3E3362654B82500001D7A /* BaseView.swift in Sources */ = {isa = PBXBuildFile; fileRef = 7CA3E3352654B82500001D7A /* BaseView.swift */; };
		7CA3E33B2654B84C00001D7A /* Base.xcassets in Resources */ = {isa = PBXBuildFile; fileRef = 7CA3E33A2654B84C00001D7A /* Base.xcassets */; };
		7CA3E3452654BB8400001D7A /* SwiftViewController.swift in Sources */ = {isa = PBXBuildFile; fileRef = 7CA3E3442654BB8400001D7A /* SwiftViewController.swift */; };
		7CA3E3972654C11500001D7A /* OcBaseViewController.m in Sources */ = {isa = PBXBuildFile; fileRef = 7CA3E3962654C11500001D7A /* OcBaseViewController.m */; };
		7CA3E39D2654DCB600001D7A /* UIView+Extension.m in Sources */ = {isa = PBXBuildFile; fileRef = 7CA3E39C2654DCB600001D7A /* UIView+Extension.m */; };
		7CA3E3A32654DD5F00001D7A /* OcViewController.m in Sources */ = {isa = PBXBuildFile; fileRef = 7CA3E3A22654DD5F00001D7A /* OcViewController.m */; };
		7CA3E3D12654E7F200001D7A /* OcColors.m in Sources */ = {isa = PBXBuildFile; fileRef = 7CA3E3D02654E7F200001D7A /* OcColors.m */; };
		7CA3E3DD2654F76E00001D7A /* OcBaseNaviView.m in Sources */ = {isa = PBXBuildFile; fileRef = 7CA3E3DC2654F76E00001D7A /* OcBaseNaviView.m */; };
		F3118AFA54262A1A77A747F0 /* Pods_WyhFoundation.framework in Frameworks */ = {isa = PBXBuildFile; fileRef = 1A67B74091D30228BB3D359C /* Pods_WyhFoundation.framework */; };
		F34DD4CF6E30318703931BEE /* Pods_WyhFoundation_WyhFoundationUITests.framework in Frameworks */ = {isa = PBXBuildFile; fileRef = DA3C3D8FAC05A2C40403A9F1 /* Pods_WyhFoundation_WyhFoundationUITests.framework */; };
		F9257961DDC0E3CC9126D07A /* Pods_WyhFoundationTests.framework in Frameworks */ = {isa = PBXBuildFile; fileRef = C6AB197390474C7DAEFFFBAA /* Pods_WyhFoundationTests.framework */; };
/* End PBXBuildFile section */

/* Begin PBXContainerItemProxy section */
		7CA3E2BB2654AAB500001D7A /* PBXContainerItemProxy */ = {
			isa = PBXContainerItemProxy;
			containerPortal = 7CA3E29C2654AAB400001D7A /* Project object */;
			proxyType = 1;
			remoteGlobalIDString = 7CA3E2A32654AAB400001D7A;
			remoteInfo = WyhFoundation;
		};
		7CA3E2C62654AAB500001D7A /* PBXContainerItemProxy */ = {
			isa = PBXContainerItemProxy;
			containerPortal = 7CA3E29C2654AAB400001D7A /* Project object */;
			proxyType = 1;
			remoteGlobalIDString = 7CA3E2A32654AAB400001D7A;
			remoteInfo = WyhFoundation;
		};
/* End PBXContainerItemProxy section */

/* Begin PBXFileReference section */
		1A67B74091D30228BB3D359C /* Pods_WyhFoundation.framework */ = {isa = PBXFileReference; explicitFileType = wrapper.framework; includeInIndex = 0; path = Pods_WyhFoundation.framework; sourceTree = BUILT_PRODUCTS_DIR; };
		1CCAE172211BDE95ACFC1EDC /* Pods-WyhFoundationTests.release.xcconfig */ = {isa = PBXFileReference; includeInIndex = 1; lastKnownFileType = text.xcconfig; name = "Pods-WyhFoundationTests.release.xcconfig"; path = "Target Support Files/Pods-WyhFoundationTests/Pods-WyhFoundationTests.release.xcconfig"; sourceTree = "<group>"; };
		44946BAFC622C09BAE4181C5 /* Pods-WyhFoundation-WyhFoundationUITests.release.xcconfig */ = {isa = PBXFileReference; includeInIndex = 1; lastKnownFileType = text.xcconfig; name = "Pods-WyhFoundation-WyhFoundationUITests.release.xcconfig"; path = "Target Support Files/Pods-WyhFoundation-WyhFoundationUITests/Pods-WyhFoundation-WyhFoundationUITests.release.xcconfig"; sourceTree = "<group>"; };
		7C69F78B2656039200055389 /* AppFrameworksViewController.swift */ = {isa = PBXFileReference; lastKnownFileType = sourcecode.swift; path = AppFrameworksViewController.swift; sourceTree = "<group>"; };
		7C69F7962656091400055389 /* AppServicesViewController.swift */ = {isa = PBXFileReference; lastKnownFileType = sourcecode.swift; path = AppServicesViewController.swift; sourceTree = "<group>"; };
		7C69F79E2656091F00055389 /* GraphicsandGamesViewController.swift */ = {isa = PBXFileReference; lastKnownFileType = sourcecode.swift; path = GraphicsandGamesViewController.swift; sourceTree = "<group>"; };
		7C69F7A32656092E00055389 /* MediaViewController.swift */ = {isa = PBXFileReference; lastKnownFileType = sourcecode.swift; path = MediaViewController.swift; sourceTree = "<group>"; };
		7C69F7A82656093900055389 /* SystemViewController.swift */ = {isa = PBXFileReference; lastKnownFileType = sourcecode.swift; path = SystemViewController.swift; sourceTree = "<group>"; };
		7C69F7AD2656094300055389 /* WebViewController.swift */ = {isa = PBXFileReference; lastKnownFileType = sourcecode.swift; path = WebViewController.swift; sourceTree = "<group>"; };
		7C69F7BA265650F700055389 /* ScreenTimeViewController.swift */ = {isa = PBXFileReference; lastKnownFileType = sourcecode.swift; path = ScreenTimeViewController.swift; sourceTree = "<group>"; };
		7C69F7C72656549D00055389 /* ScreenTimeDemoViewController.swift */ = {isa = PBXFileReference; lastKnownFileType = sourcecode.swift; path = ScreenTimeDemoViewController.swift; sourceTree = "<group>"; };
		7CA3E2A42654AAB400001D7A /* WyhFoundation.app */ = {isa = PBXFileReference; explicitFileType = wrapper.application; includeInIndex = 0; path = WyhFoundation.app; sourceTree = BUILT_PRODUCTS_DIR; };
		7CA3E2A72654AAB400001D7A /* AppDelegate.swift */ = {isa = PBXFileReference; lastKnownFileType = sourcecode.swift; path = AppDelegate.swift; sourceTree = "<group>"; };
		7CA3E2AB2654AAB400001D7A /* ViewController.swift */ = {isa = PBXFileReference; lastKnownFileType = sourcecode.swift; path = ViewController.swift; sourceTree = "<group>"; };
		7CA3E2AE2654AAB400001D7A /* Base */ = {isa = PBXFileReference; lastKnownFileType = file.storyboard; name = Base; path = Base.lproj/Main.storyboard; sourceTree = "<group>"; };
		7CA3E2B02654AAB500001D7A /* Assets.xcassets */ = {isa = PBXFileReference; lastKnownFileType = folder.assetcatalog; path = Assets.xcassets; sourceTree = "<group>"; };
		7CA3E2B32654AAB500001D7A /* Base */ = {isa = PBXFileReference; lastKnownFileType = file.storyboard; name = Base; path = Base.lproj/LaunchScreen.storyboard; sourceTree = "<group>"; };
		7CA3E2B52654AAB500001D7A /* Info.plist */ = {isa = PBXFileReference; lastKnownFileType = text.plist.xml; path = Info.plist; sourceTree = "<group>"; };
		7CA3E2BA2654AAB500001D7A /* WyhFoundationTests.xctest */ = {isa = PBXFileReference; explicitFileType = wrapper.cfbundle; includeInIndex = 0; path = WyhFoundationTests.xctest; sourceTree = BUILT_PRODUCTS_DIR; };
		7CA3E2BE2654AAB500001D7A /* WyhFoundationTests.swift */ = {isa = PBXFileReference; lastKnownFileType = sourcecode.swift; path = WyhFoundationTests.swift; sourceTree = "<group>"; };
		7CA3E2C02654AAB500001D7A /* Info.plist */ = {isa = PBXFileReference; lastKnownFileType = text.plist.xml; path = Info.plist; sourceTree = "<group>"; };
		7CA3E2C52654AAB500001D7A /* WyhFoundationUITests.xctest */ = {isa = PBXFileReference; explicitFileType = wrapper.cfbundle; includeInIndex = 0; path = WyhFoundationUITests.xctest; sourceTree = BUILT_PRODUCTS_DIR; };
		7CA3E2C92654AAB500001D7A /* WyhFoundationUITests.swift */ = {isa = PBXFileReference; lastKnownFileType = sourcecode.swift; path = WyhFoundationUITests.swift; sourceTree = "<group>"; };
		7CA3E2CB2654AAB500001D7A /* Info.plist */ = {isa = PBXFileReference; lastKnownFileType = text.plist.xml; path = Info.plist; sourceTree = "<group>"; };
		7CA3E2E72654B01F00001D7A /* UIView_Extension.swift */ = {isa = PBXFileReference; fileEncoding = 4; lastKnownFileType = sourcecode.swift; path = UIView_Extension.swift; sourceTree = "<group>"; };
		7CA3E2ED2654B17E00001D7A /* WyhHeader.swift */ = {isa = PBXFileReference; lastKnownFileType = sourcecode.swift; path = WyhHeader.swift; sourceTree = "<group>"; };
		7CA3E2F42654B31C00001D7A /* SCDSwiftKit.swift */ = {isa = PBXFileReference; fileEncoding = 4; lastKnownFileType = sourcecode.swift; path = SCDSwiftKit.swift; sourceTree = "<group>"; };
		7CA3E2F62654B31C00001D7A /* SCDTextFieldAttributes.swift */ = {isa = PBXFileReference; fileEncoding = 4; lastKnownFileType = sourcecode.swift; path = SCDTextFieldAttributes.swift; sourceTree = "<group>"; };
		7CA3E2F72654B31C00001D7A /* SCDTableViewAttributes.swift */ = {isa = PBXFileReference; fileEncoding = 4; lastKnownFileType = sourcecode.swift; path = SCDTableViewAttributes.swift; sourceTree = "<group>"; };
		7CA3E2F82654B31C00001D7A /* SCDViewAttributes.swift */ = {isa = PBXFileReference; fileEncoding = 4; lastKnownFileType = sourcecode.swift; path = SCDViewAttributes.swift; sourceTree = "<group>"; };
		7CA3E2F92654B31C00001D7A /* SCDScrollViewAttributes.swift */ = {isa = PBXFileReference; fileEncoding = 4; lastKnownFileType = sourcecode.swift; path = SCDScrollViewAttributes.swift; sourceTree = "<group>"; };
		7CA3E2FA2654B31C00001D7A /* SCDButtonAttributes.swift */ = {isa = PBXFileReference; fileEncoding = 4; lastKnownFileType = sourcecode.swift; path = SCDButtonAttributes.swift; sourceTree = "<group>"; };
		7CA3E2FB2654B31C00001D7A /* SCDImageViewAttributes.swift */ = {isa = PBXFileReference; fileEncoding = 4; lastKnownFileType = sourcecode.swift; path = SCDImageViewAttributes.swift; sourceTree = "<group>"; };
		7CA3E2FC2654B31C00001D7A /* SCDLabelAttributes.swift */ = {isa = PBXFileReference; fileEncoding = 4; lastKnownFileType = sourcecode.swift; path = SCDLabelAttributes.swift; sourceTree = "<group>"; };
		7CA3E2FD2654B31C00001D7A /* SCDTextViewAttributes.swift */ = {isa = PBXFileReference; fileEncoding = 4; lastKnownFileType = sourcecode.swift; path = SCDTextViewAttributes.swift; sourceTree = "<group>"; };
		7CA3E30B2654B3A100001D7A /* swiftgen.template.yml */ = {isa = PBXFileReference; fileEncoding = 4; lastKnownFileType = text.yaml; path = swiftgen.template.yml; sourceTree = "<group>"; };
		7CA3E3102654B3B000001D7A /* v_color.txt */ = {isa = PBXFileReference; fileEncoding = 4; lastKnownFileType = text; path = v_color.txt; sourceTree = "<group>"; };
		7CA3E3182654B45E00001D7A /* Assets.swift */ = {isa = PBXFileReference; fileEncoding = 4; lastKnownFileType = sourcecode.swift; path = Assets.swift; sourceTree = "<group>"; };
		7CA3E31D2654B46600001D7A /* Colors.swift */ = {isa = PBXFileReference; fileEncoding = 4; lastKnownFileType = sourcecode.swift; path = Colors.swift; sourceTree = "<group>"; };
		7CA3E3252654B7AB00001D7A /* BaseViewController.swift */ = {isa = PBXFileReference; fileEncoding = 4; lastKnownFileType = sourcecode.swift; path = BaseViewController.swift; sourceTree = "<group>"; };
		7CA3E3262654B7AB00001D7A /* BaseTableViewCell.swift */ = {isa = PBXFileReference; fileEncoding = 4; lastKnownFileType = sourcecode.swift; path = BaseTableViewCell.swift; sourceTree = "<group>"; };
		7CA3E3302654B7EA00001D7A /* BaseNaviView.swift */ = {isa = PBXFileReference; fileEncoding = 4; lastKnownFileType = sourcecode.swift; path = BaseNaviView.swift; sourceTree = "<group>"; };
		7CA3E3352654B82500001D7A /* BaseView.swift */ = {isa = PBXFileReference; fileEncoding = 4; lastKnownFileType = sourcecode.swift; path = BaseView.swift; sourceTree = "<group>"; };
		7CA3E33A2654B84C00001D7A /* Base.xcassets */ = {isa = PBXFileReference; lastKnownFileType = folder.assetcatalog; path = Base.xcassets; sourceTree = "<group>"; };
		7CA3E3442654BB8400001D7A /* SwiftViewController.swift */ = {isa = PBXFileReference; lastKnownFileType = sourcecode.swift; path = SwiftViewController.swift; sourceTree = "<group>"; };
		7CA3E3492654BB9500001D7A /* WyhFoundation-Bridging-Header.h */ = {isa = PBXFileReference; lastKnownFileType = sourcecode.c.h; path = "WyhFoundation-Bridging-Header.h"; sourceTree = "<group>"; };
		7CA3E3952654C11500001D7A /* OcBaseViewController.h */ = {isa = PBXFileReference; lastKnownFileType = sourcecode.c.h; path = OcBaseViewController.h; sourceTree = "<group>"; };
		7CA3E3962654C11500001D7A /* OcBaseViewController.m */ = {isa = PBXFileReference; lastKnownFileType = sourcecode.c.objc; path = OcBaseViewController.m; sourceTree = "<group>"; };
		7CA3E39B2654DCB600001D7A /* UIView+Extension.h */ = {isa = PBXFileReference; lastKnownFileType = sourcecode.c.h; path = "UIView+Extension.h"; sourceTree = "<group>"; };
		7CA3E39C2654DCB600001D7A /* UIView+Extension.m */ = {isa = PBXFileReference; lastKnownFileType = sourcecode.c.objc; path = "UIView+Extension.m"; sourceTree = "<group>"; };
		7CA3E3A12654DD5F00001D7A /* OcViewController.h */ = {isa = PBXFileReference; lastKnownFileType = sourcecode.c.h; path = OcViewController.h; sourceTree = "<group>"; };
		7CA3E3A22654DD5F00001D7A /* OcViewController.m */ = {isa = PBXFileReference; lastKnownFileType = sourcecode.c.objc; path = OcViewController.m; sourceTree = "<group>"; };
		7CA3E3B22654E10D00001D7A /* WyhPrefixHeader.pch */ = {isa = PBXFileReference; lastKnownFileType = sourcecode.c.h; path = WyhPrefixHeader.pch; sourceTree = "<group>"; };
		7CA3E3C82654E7C900001D7A /* ConstantHeader.h */ = {isa = PBXFileReference; lastKnownFileType = sourcecode.c.h; path = ConstantHeader.h; sourceTree = "<group>"; };
		7CA3E3CF2654E7F200001D7A /* OcColors.h */ = {isa = PBXFileReference; lastKnownFileType = sourcecode.c.h; path = OcColors.h; sourceTree = "<group>"; };
		7CA3E3D02654E7F200001D7A /* OcColors.m */ = {isa = PBXFileReference; lastKnownFileType = sourcecode.c.objc; path = OcColors.m; sourceTree = "<group>"; };
		7CA3E3DB2654F76E00001D7A /* OcBaseNaviView.h */ = {isa = PBXFileReference; lastKnownFileType = sourcecode.c.h; path = OcBaseNaviView.h; sourceTree = "<group>"; };
		7CA3E3DC2654F76E00001D7A /* OcBaseNaviView.m */ = {isa = PBXFileReference; lastKnownFileType = sourcecode.c.objc; path = OcBaseNaviView.m; sourceTree = "<group>"; };
		B5C3CABCDE7DEB6C35664C59 /* Pods-WyhFoundationTests.debug.xcconfig */ = {isa = PBXFileReference; includeInIndex = 1; lastKnownFileType = text.xcconfig; name = "Pods-WyhFoundationTests.debug.xcconfig"; path = "Target Support Files/Pods-WyhFoundationTests/Pods-WyhFoundationTests.debug.xcconfig"; sourceTree = "<group>"; };
		C6AB197390474C7DAEFFFBAA /* Pods_WyhFoundationTests.framework */ = {isa = PBXFileReference; explicitFileType = wrapper.framework; includeInIndex = 0; path = Pods_WyhFoundationTests.framework; sourceTree = BUILT_PRODUCTS_DIR; };
		C7E4FBDC510E840EEBEA6E54 /* Pods-WyhFoundation.debug.xcconfig */ = {isa = PBXFileReference; includeInIndex = 1; lastKnownFileType = text.xcconfig; name = "Pods-WyhFoundation.debug.xcconfig"; path = "Target Support Files/Pods-WyhFoundation/Pods-WyhFoundation.debug.xcconfig"; sourceTree = "<group>"; };
		CE28981AC16B789E9EDA9959 /* Pods-WyhFoundation-WyhFoundationUITests.debug.xcconfig */ = {isa = PBXFileReference; includeInIndex = 1; lastKnownFileType = text.xcconfig; name = "Pods-WyhFoundation-WyhFoundationUITests.debug.xcconfig"; path = "Target Support Files/Pods-WyhFoundation-WyhFoundationUITests/Pods-WyhFoundation-WyhFoundationUITests.debug.xcconfig"; sourceTree = "<group>"; };
		D30F079625C31298211B79ED /* Pods-WyhFoundation.release.xcconfig */ = {isa = PBXFileReference; includeInIndex = 1; lastKnownFileType = text.xcconfig; name = "Pods-WyhFoundation.release.xcconfig"; path = "Target Support Files/Pods-WyhFoundation/Pods-WyhFoundation.release.xcconfig"; sourceTree = "<group>"; };
		DA3C3D8FAC05A2C40403A9F1 /* Pods_WyhFoundation_WyhFoundationUITests.framework */ = {isa = PBXFileReference; explicitFileType = wrapper.framework; includeInIndex = 0; path = Pods_WyhFoundation_WyhFoundationUITests.framework; sourceTree = BUILT_PRODUCTS_DIR; };
/* End PBXFileReference section */

/* Begin PBXFrameworksBuildPhase section */
		7CA3E2A12654AAB400001D7A /* Frameworks */ = {
			isa = PBXFrameworksBuildPhase;
			buildActionMask = 2147483647;
			files = (
				F3118AFA54262A1A77A747F0 /* Pods_WyhFoundation.framework in Frameworks */,
			);
			runOnlyForDeploymentPostprocessing = 0;
		};
		7CA3E2B72654AAB500001D7A /* Frameworks */ = {
			isa = PBXFrameworksBuildPhase;
			buildActionMask = 2147483647;
			files = (
				F9257961DDC0E3CC9126D07A /* Pods_WyhFoundationTests.framework in Frameworks */,
			);
			runOnlyForDeploymentPostprocessing = 0;
		};
		7CA3E2C22654AAB500001D7A /* Frameworks */ = {
			isa = PBXFrameworksBuildPhase;
			buildActionMask = 2147483647;
			files = (
				F34DD4CF6E30318703931BEE /* Pods_WyhFoundation_WyhFoundationUITests.framework in Frameworks */,
			);
			runOnlyForDeploymentPostprocessing = 0;
		};
/* End PBXFrameworksBuildPhase section */

/* Begin PBXGroup section */
		37A0D679665CE32B44C63D57 /* Frameworks */ = {
			isa = PBXGroup;
			children = (
				1A67B74091D30228BB3D359C /* Pods_WyhFoundation.framework */,
				DA3C3D8FAC05A2C40403A9F1 /* Pods_WyhFoundation_WyhFoundationUITests.framework */,
				C6AB197390474C7DAEFFFBAA /* Pods_WyhFoundationTests.framework */,
			);
			name = Frameworks;
			sourceTree = "<group>";
		};
		393A30494AB9978CB418178F /* Pods */ = {
			isa = PBXGroup;
			children = (
				C7E4FBDC510E840EEBEA6E54 /* Pods-WyhFoundation.debug.xcconfig */,
				D30F079625C31298211B79ED /* Pods-WyhFoundation.release.xcconfig */,
				CE28981AC16B789E9EDA9959 /* Pods-WyhFoundation-WyhFoundationUITests.debug.xcconfig */,
				44946BAFC622C09BAE4181C5 /* Pods-WyhFoundation-WyhFoundationUITests.release.xcconfig */,
				B5C3CABCDE7DEB6C35664C59 /* Pods-WyhFoundationTests.debug.xcconfig */,
				1CCAE172211BDE95ACFC1EDC /* Pods-WyhFoundationTests.release.xcconfig */,
			);
			path = Pods;
			sourceTree = "<group>";
		};
		7C69F790265608BB00055389 /* AppFrameworks */ = {
			isa = PBXGroup;
			children = (
				7C69F78B2656039200055389 /* AppFrameworksViewController.swift */,
			);
			path = AppFrameworks;
			sourceTree = "<group>";
		};
		7C69F791265608CC00055389 /* AppServices */ = {
			isa = PBXGroup;
			children = (
				7C69F7962656091400055389 /* AppServicesViewController.swift */,
			);
			path = AppServices;
			sourceTree = "<group>";
		};
		7C69F792265608E300055389 /* GraphicsandGames */ = {
			isa = PBXGroup;
			children = (
				7C69F79E2656091F00055389 /* GraphicsandGamesViewController.swift */,
			);
			path = GraphicsandGames;
			sourceTree = "<group>";
		};
		7C69F793265608ED00055389 /* Media */ = {
			isa = PBXGroup;
			children = (
				7C69F7A32656092E00055389 /* MediaViewController.swift */,
			);
			path = Media;
			sourceTree = "<group>";
		};
		7C69F794265608F700055389 /* System */ = {
			isa = PBXGroup;
			children = (
				7C69F7A82656093900055389 /* SystemViewController.swift */,
			);
			path = System;
			sourceTree = "<group>";
		};
		7C69F7952656090000055389 /* Web */ = {
			isa = PBXGroup;
			children = (
				7C69F7AD2656094300055389 /* WebViewController.swift */,
				7C69F7BA265650F700055389 /* ScreenTimeViewController.swift */,
				7C69F7C72656549D00055389 /* ScreenTimeDemoViewController.swift */,
			);
			path = Web;
			sourceTree = "<group>";
		};
		7CA3E29B2654AAB400001D7A = {
			isa = PBXGroup;
			children = (
				7CA3E2A62654AAB400001D7A /* WyhFoundation */,
				7CA3E2BD2654AAB500001D7A /* WyhFoundationTests */,
				7CA3E2C82654AAB500001D7A /* WyhFoundationUITests */,
				7CA3E2A52654AAB400001D7A /* Products */,
				393A30494AB9978CB418178F /* Pods */,
				37A0D679665CE32B44C63D57 /* Frameworks */,
			);
			sourceTree = "<group>";
		};
		7CA3E2A52654AAB400001D7A /* Products */ = {
			isa = PBXGroup;
			children = (
				7CA3E2A42654AAB400001D7A /* WyhFoundation.app */,
				7CA3E2BA2654AAB500001D7A /* WyhFoundationTests.xctest */,
				7CA3E2C52654AAB500001D7A /* WyhFoundationUITests.xctest */,
			);
			name = Products;
			sourceTree = "<group>";
		};
		7CA3E2A62654AAB400001D7A /* WyhFoundation */ = {
			isa = PBXGroup;
			children = (
				7CA3E3232654B75500001D7A /* oc */,
				7CA3E3222654B74E00001D7A /* swift */,
				7CA3E2F22654B31000001D7A /* util */,
				7CA3E2EC2654B16800001D7A /* config */,
				7CA3E2E62654AF9500001D7A /* base */,
				7CA3E2E52654AF4800001D7A /* extension */,
				7CA3E2A72654AAB400001D7A /* AppDelegate.swift */,
				7CA3E2AB2654AAB400001D7A /* ViewController.swift */,
				7CA3E2AD2654AAB400001D7A /* Main.storyboard */,
				7CA3E2B02654AAB500001D7A /* Assets.xcassets */,
				7CA3E2B22654AAB500001D7A /* LaunchScreen.storyboard */,
				7CA3E2B52654AAB500001D7A /* Info.plist */,
			);
			path = WyhFoundation;
			sourceTree = "<group>";
		};
		7CA3E2BD2654AAB500001D7A /* WyhFoundationTests */ = {
			isa = PBXGroup;
			children = (
				7CA3E2BE2654AAB500001D7A /* WyhFoundationTests.swift */,
				7CA3E2C02654AAB500001D7A /* Info.plist */,
			);
			path = WyhFoundationTests;
			sourceTree = "<group>";
		};
		7CA3E2C82654AAB500001D7A /* WyhFoundationUITests */ = {
			isa = PBXGroup;
			children = (
				7CA3E2C92654AAB500001D7A /* WyhFoundationUITests.swift */,
				7CA3E2CB2654AAB500001D7A /* Info.plist */,
			);
			path = WyhFoundationUITests;
			sourceTree = "<group>";
		};
		7CA3E2E52654AF4800001D7A /* extension */ = {
			isa = PBXGroup;
			children = (
				7CA3E2E72654B01F00001D7A /* UIView_Extension.swift */,
				7CA3E39B2654DCB600001D7A /* UIView+Extension.h */,
				7CA3E39C2654DCB600001D7A /* UIView+Extension.m */,
			);
			path = extension;
			sourceTree = "<group>";
		};
		7CA3E2E62654AF9500001D7A /* base */ = {
			isa = PBXGroup;
			children = (
				7CA3E3262654B7AB00001D7A /* BaseTableViewCell.swift */,
				7CA3E3952654C11500001D7A /* OcBaseViewController.h */,
				7CA3E3962654C11500001D7A /* OcBaseViewController.m */,
				7CA3E3DB2654F76E00001D7A /* OcBaseNaviView.h */,
				7CA3E3DC2654F76E00001D7A /* OcBaseNaviView.m */,
				7CA3E3252654B7AB00001D7A /* BaseViewController.swift */,
				7CA3E3302654B7EA00001D7A /* BaseNaviView.swift */,
				7CA3E3352654B82500001D7A /* BaseView.swift */,
				7CA3E33A2654B84C00001D7A /* Base.xcassets */,
			);
			path = base;
			sourceTree = "<group>";
		};
		7CA3E2EC2654B16800001D7A /* config */ = {
			isa = PBXGroup;
			children = (
				7CA3E31D2654B46600001D7A /* Colors.swift */,
				7CA3E3182654B45E00001D7A /* Assets.swift */,
				7CA3E30B2654B3A100001D7A /* swiftgen.template.yml */,
				7CA3E2ED2654B17E00001D7A /* WyhHeader.swift */,
				7CA3E3102654B3B000001D7A /* v_color.txt */,
				7CA3E3B22654E10D00001D7A /* WyhPrefixHeader.pch */,
				7CA3E3C82654E7C900001D7A /* ConstantHeader.h */,
				7CA3E3CF2654E7F200001D7A /* OcColors.h */,
				7CA3E3D02654E7F200001D7A /* OcColors.m */,
			);
			path = config;
			sourceTree = "<group>";
		};
		7CA3E2F22654B31000001D7A /* util */ = {
			isa = PBXGroup;
			children = (
				7CA3E2F32654B31C00001D7A /* SwiftKit */,
			);
			path = util;
			sourceTree = "<group>";
		};
		7CA3E2F32654B31C00001D7A /* SwiftKit */ = {
			isa = PBXGroup;
			children = (
				7CA3E2F42654B31C00001D7A /* SCDSwiftKit.swift */,
				7CA3E2F52654B31C00001D7A /* Attributes */,
			);
			path = SwiftKit;
			sourceTree = "<group>";
		};
		7CA3E2F52654B31C00001D7A /* Attributes */ = {
			isa = PBXGroup;
			children = (
				7CA3E2F62654B31C00001D7A /* SCDTextFieldAttributes.swift */,
				7CA3E2F72654B31C00001D7A /* SCDTableViewAttributes.swift */,
				7CA3E2F82654B31C00001D7A /* SCDViewAttributes.swift */,
				7CA3E2F92654B31C00001D7A /* SCDScrollViewAttributes.swift */,
				7CA3E2FA2654B31C00001D7A /* SCDButtonAttributes.swift */,
				7CA3E2FB2654B31C00001D7A /* SCDImageViewAttributes.swift */,
				7CA3E2FC2654B31C00001D7A /* SCDLabelAttributes.swift */,
				7CA3E2FD2654B31C00001D7A /* SCDTextViewAttributes.swift */,
			);
			path = Attributes;
			sourceTree = "<group>";
		};
		7CA3E3222654B74E00001D7A /* swift */ = {
			isa = PBXGroup;
			children = (
				7C69F7952656090000055389 /* Web */,
				7C69F794265608F700055389 /* System */,
				7C69F793265608ED00055389 /* Media */,
				7C69F792265608E300055389 /* GraphicsandGames */,
				7C69F791265608CC00055389 /* AppServices */,
				7CA3E3442654BB8400001D7A /* SwiftViewController.swift */,
				7C69F790265608BB00055389 /* AppFrameworks */,
			);
			path = swift;
			sourceTree = "<group>";
		};
		7CA3E3232654B75500001D7A /* oc */ = {
			isa = PBXGroup;
			children = (
				7CA3E3492654BB9500001D7A /* WyhFoundation-Bridging-Header.h */,
				7CA3E3A12654DD5F00001D7A /* OcViewController.h */,
				7CA3E3A22654DD5F00001D7A /* OcViewController.m */,
			);
			path = oc;
			sourceTree = "<group>";
		};
/* End PBXGroup section */

/* Begin PBXNativeTarget section */
		7CA3E2A32654AAB400001D7A /* WyhFoundation */ = {
			isa = PBXNativeTarget;
			buildConfigurationList = 7CA3E2CE2654AAB500001D7A /* Build configuration list for PBXNativeTarget "WyhFoundation" */;
			buildPhases = (
				590B76E5E012370A00A6991A /* [CP] Check Pods Manifest.lock */,
				7CA3E2A02654AAB400001D7A /* Sources */,
				7CA3E2A12654AAB400001D7A /* Frameworks */,
				7CA3E2A22654AAB400001D7A /* Resources */,
				F564A43FB9339DC15949287C /* [CP] Embed Pods Frameworks */,
				7CA3E30A2654B37300001D7A /* swiftgen */,
			);
			buildRules = (
			);
			dependencies = (
			);
			name = WyhFoundation;
			productName = WyhFoundation;
			productReference = 7CA3E2A42654AAB400001D7A /* WyhFoundation.app */;
			productType = "com.apple.product-type.application";
		};
		7CA3E2B92654AAB500001D7A /* WyhFoundationTests */ = {
			isa = PBXNativeTarget;
			buildConfigurationList = 7CA3E2D12654AAB500001D7A /* Build configuration list for PBXNativeTarget "WyhFoundationTests" */;
			buildPhases = (
				3C6DF0A278561C2DD539A7C3 /* [CP] Check Pods Manifest.lock */,
				7CA3E2B62654AAB500001D7A /* Sources */,
				7CA3E2B72654AAB500001D7A /* Frameworks */,
				7CA3E2B82654AAB500001D7A /* Resources */,
			);
			buildRules = (
			);
			dependencies = (
				7CA3E2BC2654AAB500001D7A /* PBXTargetDependency */,
			);
			name = WyhFoundationTests;
			productName = WyhFoundationTests;
			productReference = 7CA3E2BA2654AAB500001D7A /* WyhFoundationTests.xctest */;
			productType = "com.apple.product-type.bundle.unit-test";
		};
		7CA3E2C42654AAB500001D7A /* WyhFoundationUITests */ = {
			isa = PBXNativeTarget;
			buildConfigurationList = 7CA3E2D42654AAB500001D7A /* Build configuration list for PBXNativeTarget "WyhFoundationUITests" */;
			buildPhases = (
				AC7DF1148F32BDBE57CC70D9 /* [CP] Check Pods Manifest.lock */,
				7CA3E2C12654AAB500001D7A /* Sources */,
				7CA3E2C22654AAB500001D7A /* Frameworks */,
				7CA3E2C32654AAB500001D7A /* Resources */,
				08F08B023C875026DCC4EC4C /* [CP] Embed Pods Frameworks */,
			);
			buildRules = (
			);
			dependencies = (
				7CA3E2C72654AAB500001D7A /* PBXTargetDependency */,
			);
			name = WyhFoundationUITests;
			productName = WyhFoundationUITests;
			productReference = 7CA3E2C52654AAB500001D7A /* WyhFoundationUITests.xctest */;
			productType = "com.apple.product-type.bundle.ui-testing";
		};
/* End PBXNativeTarget section */

/* Begin PBXProject section */
		7CA3E29C2654AAB400001D7A /* Project object */ = {
			isa = PBXProject;
			attributes = {
				LastSwiftUpdateCheck = 1240;
				LastUpgradeCheck = 1240;
				TargetAttributes = {
					7CA3E2A32654AAB400001D7A = {
						CreatedOnToolsVersion = 12.4;
						LastSwiftMigration = 1240;
					};
					7CA3E2B92654AAB500001D7A = {
						CreatedOnToolsVersion = 12.4;
						TestTargetID = 7CA3E2A32654AAB400001D7A;
					};
					7CA3E2C42654AAB500001D7A = {
						CreatedOnToolsVersion = 12.4;
						TestTargetID = 7CA3E2A32654AAB400001D7A;
					};
				};
			};
			buildConfigurationList = 7CA3E29F2654AAB400001D7A /* Build configuration list for PBXProject "WyhFoundation" */;
			compatibilityVersion = "Xcode 9.3";
			developmentRegion = en;
			hasScannedForEncodings = 0;
			knownRegions = (
				en,
				Base,
			);
			mainGroup = 7CA3E29B2654AAB400001D7A;
			productRefGroup = 7CA3E2A52654AAB400001D7A /* Products */;
			projectDirPath = "";
			projectRoot = "";
			targets = (
				7CA3E2A32654AAB400001D7A /* WyhFoundation */,
				7CA3E2B92654AAB500001D7A /* WyhFoundationTests */,
				7CA3E2C42654AAB500001D7A /* WyhFoundationUITests */,
			);
		};
/* End PBXProject section */

/* Begin PBXResourcesBuildPhase section */
		7CA3E2A22654AAB400001D7A /* Resources */ = {
			isa = PBXResourcesBuildPhase;
			buildActionMask = 2147483647;
			files = (
				7CA3E2B42654AAB500001D7A /* LaunchScreen.storyboard in Resources */,
				7CA3E3112654B3B000001D7A /* v_color.txt in Resources */,
				7CA3E33B2654B84C00001D7A /* Base.xcassets in Resources */,
				7CA3E2B12654AAB500001D7A /* Assets.xcassets in Resources */,
				7CA3E30C2654B3A100001D7A /* swiftgen.template.yml in Resources */,
				7CA3E2AF2654AAB400001D7A /* Main.storyboard in Resources */,
			);
			runOnlyForDeploymentPostprocessing = 0;
		};
		7CA3E2B82654AAB500001D7A /* Resources */ = {
			isa = PBXResourcesBuildPhase;
			buildActionMask = 2147483647;
			files = (
			);
			runOnlyForDeploymentPostprocessing = 0;
		};
		7CA3E2C32654AAB500001D7A /* Resources */ = {
			isa = PBXResourcesBuildPhase;
			buildActionMask = 2147483647;
			files = (
			);
			runOnlyForDeploymentPostprocessing = 0;
		};
/* End PBXResourcesBuildPhase section */

/* Begin PBXShellScriptBuildPhase section */
		08F08B023C875026DCC4EC4C /* [CP] Embed Pods Frameworks */ = {
			isa = PBXShellScriptBuildPhase;
			buildActionMask = 2147483647;
			files = (
			);
			inputFileListPaths = (
				"${PODS_ROOT}/Target Support Files/Pods-WyhFoundation-WyhFoundationUITests/Pods-WyhFoundation-WyhFoundationUITests-frameworks-${CONFIGURATION}-input-files.xcfilelist",
			);
			name = "[CP] Embed Pods Frameworks";
			outputFileListPaths = (
				"${PODS_ROOT}/Target Support Files/Pods-WyhFoundation-WyhFoundationUITests/Pods-WyhFoundation-WyhFoundationUITests-frameworks-${CONFIGURATION}-output-files.xcfilelist",
			);
			runOnlyForDeploymentPostprocessing = 0;
			shellPath = /bin/sh;
			shellScript = "\"${PODS_ROOT}/Target Support Files/Pods-WyhFoundation-WyhFoundationUITests/Pods-WyhFoundation-WyhFoundationUITests-frameworks.sh\"\n";
			showEnvVarsInLog = 0;
		};
		3C6DF0A278561C2DD539A7C3 /* [CP] Check Pods Manifest.lock */ = {
			isa = PBXShellScriptBuildPhase;
			buildActionMask = 2147483647;
			files = (
			);
			inputFileListPaths = (
			);
			inputPaths = (
				"${PODS_PODFILE_DIR_PATH}/Podfile.lock",
				"${PODS_ROOT}/Manifest.lock",
			);
			name = "[CP] Check Pods Manifest.lock";
			outputFileListPaths = (
			);
			outputPaths = (
				"$(DERIVED_FILE_DIR)/Pods-WyhFoundationTests-checkManifestLockResult.txt",
			);
			runOnlyForDeploymentPostprocessing = 0;
			shellPath = /bin/sh;
			shellScript = "diff \"${PODS_PODFILE_DIR_PATH}/Podfile.lock\" \"${PODS_ROOT}/Manifest.lock\" > /dev/null\nif [ $? != 0 ] ; then\n    # print error to STDERR\n    echo \"error: The sandbox is not in sync with the Podfile.lock. Run 'pod install' or update your CocoaPods installation.\" >&2\n    exit 1\nfi\n# This output is used by Xcode 'outputs' to avoid re-running this script phase.\necho \"SUCCESS\" > \"${SCRIPT_OUTPUT_FILE_0}\"\n";
			showEnvVarsInLog = 0;
		};
		590B76E5E012370A00A6991A /* [CP] Check Pods Manifest.lock */ = {
			isa = PBXShellScriptBuildPhase;
			buildActionMask = 2147483647;
			files = (
			);
			inputFileListPaths = (
			);
			inputPaths = (
				"${PODS_PODFILE_DIR_PATH}/Podfile.lock",
				"${PODS_ROOT}/Manifest.lock",
			);
			name = "[CP] Check Pods Manifest.lock";
			outputFileListPaths = (
			);
			outputPaths = (
				"$(DERIVED_FILE_DIR)/Pods-WyhFoundation-checkManifestLockResult.txt",
			);
			runOnlyForDeploymentPostprocessing = 0;
			shellPath = /bin/sh;
			shellScript = "diff \"${PODS_PODFILE_DIR_PATH}/Podfile.lock\" \"${PODS_ROOT}/Manifest.lock\" > /dev/null\nif [ $? != 0 ] ; then\n    # print error to STDERR\n    echo \"error: The sandbox is not in sync with the Podfile.lock. Run 'pod install' or update your CocoaPods installation.\" >&2\n    exit 1\nfi\n# This output is used by Xcode 'outputs' to avoid re-running this script phase.\necho \"SUCCESS\" > \"${SCRIPT_OUTPUT_FILE_0}\"\n";
			showEnvVarsInLog = 0;
		};
		7CA3E30A2654B37300001D7A /* swiftgen */ = {
			isa = PBXShellScriptBuildPhase;
			buildActionMask = 2147483647;
			files = (
			);
			inputFileListPaths = (
			);
			inputPaths = (
			);
			name = swiftgen;
			outputFileListPaths = (
			);
			outputPaths = (
			);
			runOnlyForDeploymentPostprocessing = 0;
			shellPath = /bin/sh;
			shellScript = "templ=`cat $SRCROOT/WyhFoundation/config/swiftgen.template.yml`\nprintf \"cat << EOF\\n$templ\\nEOF\" | bash > $SRCROOT/WyhFoundation/config/swiftgen.yml\n\n\"$PROJECT_DIR\"/Pods/SwiftGen/bin/swiftgen config run --config $SRCROOT/WyhFoundation/config/swiftgen.yml\n";
		};
		AC7DF1148F32BDBE57CC70D9 /* [CP] Check Pods Manifest.lock */ = {
			isa = PBXShellScriptBuildPhase;
			buildActionMask = 2147483647;
			files = (
			);
			inputFileListPaths = (
			);
			inputPaths = (
				"${PODS_PODFILE_DIR_PATH}/Podfile.lock",
				"${PODS_ROOT}/Manifest.lock",
			);
			name = "[CP] Check Pods Manifest.lock";
			outputFileListPaths = (
			);
			outputPaths = (
				"$(DERIVED_FILE_DIR)/Pods-WyhFoundation-WyhFoundationUITests-checkManifestLockResult.txt",
			);
			runOnlyForDeploymentPostprocessing = 0;
			shellPath = /bin/sh;
			shellScript = "diff \"${PODS_PODFILE_DIR_PATH}/Podfile.lock\" \"${PODS_ROOT}/Manifest.lock\" > /dev/null\nif [ $? != 0 ] ; then\n    # print error to STDERR\n    echo \"error: The sandbox is not in sync with the Podfile.lock. Run 'pod install' or update your CocoaPods installation.\" >&2\n    exit 1\nfi\n# This output is used by Xcode 'outputs' to avoid re-running this script phase.\necho \"SUCCESS\" > \"${SCRIPT_OUTPUT_FILE_0}\"\n";
			showEnvVarsInLog = 0;
		};
		F564A43FB9339DC15949287C /* [CP] Embed Pods Frameworks */ = {
			isa = PBXShellScriptBuildPhase;
			buildActionMask = 2147483647;
			files = (
			);
			inputFileListPaths = (
				"${PODS_ROOT}/Target Support Files/Pods-WyhFoundation/Pods-WyhFoundation-frameworks-${CONFIGURATION}-input-files.xcfilelist",
			);
			name = "[CP] Embed Pods Frameworks";
			outputFileListPaths = (
				"${PODS_ROOT}/Target Support Files/Pods-WyhFoundation/Pods-WyhFoundation-frameworks-${CONFIGURATION}-output-files.xcfilelist",
			);
			runOnlyForDeploymentPostprocessing = 0;
			shellPath = /bin/sh;
			shellScript = "\"${PODS_ROOT}/Target Support Files/Pods-WyhFoundation/Pods-WyhFoundation-frameworks.sh\"\n";
			showEnvVarsInLog = 0;
		};
/* End PBXShellScriptBuildPhase section */

/* Begin PBXSourcesBuildPhase section */
		7CA3E2A02654AAB400001D7A /* Sources */ = {
			isa = PBXSourcesBuildPhase;
			buildActionMask = 2147483647;
			files = (
				7CA3E3032654B31C00001D7A /* SCDButtonAttributes.swift in Sources */,
				7CA3E2AC2654AAB400001D7A /* ViewController.swift in Sources */,
				7CA3E3042654B31C00001D7A /* SCDImageViewAttributes.swift in Sources */,
				7C69F79F2656091F00055389 /* GraphicsandGamesViewController.swift in Sources */,
				7C69F7C82656549D00055389 /* ScreenTimeDemoViewController.swift in Sources */,
				7C69F7A42656092E00055389 /* MediaViewController.swift in Sources */,
				7CA3E3292654B7AB00001D7A /* BaseTableViewCell.swift in Sources */,
				7CA3E2FF2654B31C00001D7A /* SCDTextFieldAttributes.swift in Sources */,
				7C69F7BB265650F700055389 /* ScreenTimeViewController.swift in Sources */,
				7C69F78C2656039200055389 /* AppFrameworksViewController.swift in Sources */,
				7CA3E3282654B7AB00001D7A /* BaseViewController.swift in Sources */,
				7CA3E3452654BB8400001D7A /* SwiftViewController.swift in Sources */,
				7CA3E3DD2654F76E00001D7A /* OcBaseNaviView.m in Sources */,
				7C69F7972656091400055389 /* AppServicesViewController.swift in Sources */,
				7CA3E2A82654AAB400001D7A /* AppDelegate.swift in Sources */,
				7CA3E3362654B82500001D7A /* BaseView.swift in Sources */,
				7CA3E3312654B7EA00001D7A /* BaseNaviView.swift in Sources */,
				7CA3E3002654B31C00001D7A /* SCDTableViewAttributes.swift in Sources */,
				7CA3E2E82654B01F00001D7A /* UIView_Extension.swift in Sources */,
				7CA3E3012654B31C00001D7A /* SCDViewAttributes.swift in Sources */,
				7CA3E3192654B45E00001D7A /* Assets.swift in Sources */,
				7CA3E3D12654E7F200001D7A /* OcColors.m in Sources */,
				7CA3E31E2654B46600001D7A /* Colors.swift in Sources */,
				7CA3E3062654B31C00001D7A /* SCDTextViewAttributes.swift in Sources */,
				7CA3E3022654B31C00001D7A /* SCDScrollViewAttributes.swift in Sources */,
				7CA3E2EE2654B17E00001D7A /* WyhHeader.swift in Sources */,
				7CA3E39D2654DCB600001D7A /* UIView+Extension.m in Sources */,
				7CA3E3972654C11500001D7A /* OcBaseViewController.m in Sources */,
				7CA3E3052654B31C00001D7A /* SCDLabelAttributes.swift in Sources */,
				7C69F7A92656093900055389 /* SystemViewController.swift in Sources */,
				7C69F7AE2656094300055389 /* WebViewController.swift in Sources */,
				7CA3E3A32654DD5F00001D7A /* OcViewController.m in Sources */,
				7CA3E2FE2654B31C00001D7A /* SCDSwiftKit.swift in Sources */,
			);
			runOnlyForDeploymentPostprocessing = 0;
		};
		7CA3E2B62654AAB500001D7A /* Sources */ = {
			isa = PBXSourcesBuildPhase;
			buildActionMask = 2147483647;
			files = (
				7CA3E2BF2654AAB500001D7A /* WyhFoundationTests.swift in Sources */,
			);
			runOnlyForDeploymentPostprocessing = 0;
		};
		7CA3E2C12654AAB500001D7A /* Sources */ = {
			isa = PBXSourcesBuildPhase;
			buildActionMask = 2147483647;
			files = (
				7CA3E2CA2654AAB500001D7A /* WyhFoundationUITests.swift in Sources */,
			);
			runOnlyForDeploymentPostprocessing = 0;
		};
/* End PBXSourcesBuildPhase section */

/* Begin PBXTargetDependency section */
		7CA3E2BC2654AAB500001D7A /* PBXTargetDependency */ = {
			isa = PBXTargetDependency;
			target = 7CA3E2A32654AAB400001D7A /* WyhFoundation */;
			targetProxy = 7CA3E2BB2654AAB500001D7A /* PBXContainerItemProxy */;
		};
		7CA3E2C72654AAB500001D7A /* PBXTargetDependency */ = {
			isa = PBXTargetDependency;
			target = 7CA3E2A32654AAB400001D7A /* WyhFoundation */;
			targetProxy = 7CA3E2C62654AAB500001D7A /* PBXContainerItemProxy */;
		};
/* End PBXTargetDependency section */

/* Begin PBXVariantGroup section */
		7CA3E2AD2654AAB400001D7A /* Main.storyboard */ = {
			isa = PBXVariantGroup;
			children = (
				7CA3E2AE2654AAB400001D7A /* Base */,
			);
			name = Main.storyboard;
			sourceTree = "<group>";
		};
		7CA3E2B22654AAB500001D7A /* LaunchScreen.storyboard */ = {
			isa = PBXVariantGroup;
			children = (
				7CA3E2B32654AAB500001D7A /* Base */,
			);
			name = LaunchScreen.storyboard;
			sourceTree = "<group>";
		};
/* End PBXVariantGroup section */

/* Begin XCBuildConfiguration section */
		7CA3E2CC2654AAB500001D7A /* Debug */ = {
			isa = XCBuildConfiguration;
			buildSettings = {
				ALWAYS_SEARCH_USER_PATHS = NO;
				CLANG_ANALYZER_NONNULL = YES;
				CLANG_ANALYZER_NUMBER_OBJECT_CONVERSION = YES_AGGRESSIVE;
				CLANG_CXX_LANGUAGE_STANDARD = "gnu++14";
				CLANG_CXX_LIBRARY = "libc++";
				CLANG_ENABLE_MODULES = YES;
				CLANG_ENABLE_OBJC_ARC = YES;
				CLANG_ENABLE_OBJC_WEAK = YES;
				CLANG_WARN_BLOCK_CAPTURE_AUTORELEASING = YES;
				CLANG_WARN_BOOL_CONVERSION = YES;
				CLANG_WARN_COMMA = YES;
				CLANG_WARN_CONSTANT_CONVERSION = YES;
				CLANG_WARN_DEPRECATED_OBJC_IMPLEMENTATIONS = YES;
				CLANG_WARN_DIRECT_OBJC_ISA_USAGE = YES_ERROR;
				CLANG_WARN_DOCUMENTATION_COMMENTS = YES;
				CLANG_WARN_EMPTY_BODY = YES;
				CLANG_WARN_ENUM_CONVERSION = YES;
				CLANG_WARN_INFINITE_RECURSION = YES;
				CLANG_WARN_INT_CONVERSION = YES;
				CLANG_WARN_NON_LITERAL_NULL_CONVERSION = YES;
				CLANG_WARN_OBJC_IMPLICIT_RETAIN_SELF = YES;
				CLANG_WARN_OBJC_LITERAL_CONVERSION = YES;
				CLANG_WARN_OBJC_ROOT_CLASS = YES_ERROR;
				CLANG_WARN_QUOTED_INCLUDE_IN_FRAMEWORK_HEADER = YES;
				CLANG_WARN_RANGE_LOOP_ANALYSIS = YES;
				CLANG_WARN_STRICT_PROTOTYPES = YES;
				CLANG_WARN_SUSPICIOUS_MOVE = YES;
				CLANG_WARN_UNGUARDED_AVAILABILITY = YES_AGGRESSIVE;
				CLANG_WARN_UNREACHABLE_CODE = YES;
				CLANG_WARN__DUPLICATE_METHOD_MATCH = YES;
				COPY_PHASE_STRIP = NO;
				DEBUG_INFORMATION_FORMAT = dwarf;
				ENABLE_STRICT_OBJC_MSGSEND = YES;
				ENABLE_TESTABILITY = YES;
				GCC_C_LANGUAGE_STANDARD = gnu11;
				GCC_DYNAMIC_NO_PIC = NO;
				GCC_NO_COMMON_BLOCKS = YES;
				GCC_OPTIMIZATION_LEVEL = 0;
				GCC_PREPROCESSOR_DEFINITIONS = (
					"DEBUG=1",
					"$(inherited)",
				);
				GCC_WARN_64_TO_32_BIT_CONVERSION = YES;
				GCC_WARN_ABOUT_RETURN_TYPE = YES_ERROR;
				GCC_WARN_UNDECLARED_SELECTOR = YES;
				GCC_WARN_UNINITIALIZED_AUTOS = YES_AGGRESSIVE;
				GCC_WARN_UNUSED_FUNCTION = YES;
				GCC_WARN_UNUSED_VARIABLE = YES;
				IPHONEOS_DEPLOYMENT_TARGET = 14.4;
				MTL_ENABLE_DEBUG_INFO = INCLUDE_SOURCE;
				MTL_FAST_MATH = YES;
				ONLY_ACTIVE_ARCH = YES;
				SDKROOT = iphoneos;
				SWIFT_ACTIVE_COMPILATION_CONDITIONS = DEBUG;
				SWIFT_OPTIMIZATION_LEVEL = "-Onone";
			};
			name = Debug;
		};
		7CA3E2CD2654AAB500001D7A /* Release */ = {
			isa = XCBuildConfiguration;
			buildSettings = {
				ALWAYS_SEARCH_USER_PATHS = NO;
				CLANG_ANALYZER_NONNULL = YES;
				CLANG_ANALYZER_NUMBER_OBJECT_CONVERSION = YES_AGGRESSIVE;
				CLANG_CXX_LANGUAGE_STANDARD = "gnu++14";
				CLANG_CXX_LIBRARY = "libc++";
				CLANG_ENABLE_MODULES = YES;
				CLANG_ENABLE_OBJC_ARC = YES;
				CLANG_ENABLE_OBJC_WEAK = YES;
				CLANG_WARN_BLOCK_CAPTURE_AUTORELEASING = YES;
				CLANG_WARN_BOOL_CONVERSION = YES;
				CLANG_WARN_COMMA = YES;
				CLANG_WARN_CONSTANT_CONVERSION = YES;
				CLANG_WARN_DEPRECATED_OBJC_IMPLEMENTATIONS = YES;
				CLANG_WARN_DIRECT_OBJC_ISA_USAGE = YES_ERROR;
				CLANG_WARN_DOCUMENTATION_COMMENTS = YES;
				CLANG_WARN_EMPTY_BODY = YES;
				CLANG_WARN_ENUM_CONVERSION = YES;
				CLANG_WARN_INFINITE_RECURSION = YES;
				CLANG_WARN_INT_CONVERSION = YES;
				CLANG_WARN_NON_LITERAL_NULL_CONVERSION = YES;
				CLANG_WARN_OBJC_IMPLICIT_RETAIN_SELF = YES;
				CLANG_WARN_OBJC_LITERAL_CONVERSION = YES;
				CLANG_WARN_OBJC_ROOT_CLASS = YES_ERROR;
				CLANG_WARN_QUOTED_INCLUDE_IN_FRAMEWORK_HEADER = YES;
				CLANG_WARN_RANGE_LOOP_ANALYSIS = YES;
				CLANG_WARN_STRICT_PROTOTYPES = YES;
				CLANG_WARN_SUSPICIOUS_MOVE = YES;
				CLANG_WARN_UNGUARDED_AVAILABILITY = YES_AGGRESSIVE;
				CLANG_WARN_UNREACHABLE_CODE = YES;
				CLANG_WARN__DUPLICATE_METHOD_MATCH = YES;
				COPY_PHASE_STRIP = NO;
				DEBUG_INFORMATION_FORMAT = "dwarf-with-dsym";
				ENABLE_NS_ASSERTIONS = NO;
				ENABLE_STRICT_OBJC_MSGSEND = YES;
				GCC_C_LANGUAGE_STANDARD = gnu11;
				GCC_NO_COMMON_BLOCKS = YES;
				GCC_WARN_64_TO_32_BIT_CONVERSION = YES;
				GCC_WARN_ABOUT_RETURN_TYPE = YES_ERROR;
				GCC_WARN_UNDECLARED_SELECTOR = YES;
				GCC_WARN_UNINITIALIZED_AUTOS = YES_AGGRESSIVE;
				GCC_WARN_UNUSED_FUNCTION = YES;
				GCC_WARN_UNUSED_VARIABLE = YES;
				IPHONEOS_DEPLOYMENT_TARGET = 14.4;
				MTL_ENABLE_DEBUG_INFO = NO;
				MTL_FAST_MATH = YES;
				SDKROOT = iphoneos;
				SWIFT_COMPILATION_MODE = wholemodule;
				SWIFT_OPTIMIZATION_LEVEL = "-O";
				VALIDATE_PRODUCT = YES;
			};
			name = Release;
		};
		7CA3E2CF2654AAB500001D7A /* Debug */ = {
			isa = XCBuildConfiguration;
			baseConfigurationReference = C7E4FBDC510E840EEBEA6E54 /* Pods-WyhFoundation.debug.xcconfig */;
			buildSettings = {
				ASSETCATALOG_COMPILER_APPICON_NAME = AppIcon;
				ASSETCATALOG_COMPILER_GLOBAL_ACCENT_COLOR_NAME = AccentColor;
				CLANG_ENABLE_MODULES = YES;
				CODE_SIGN_STYLE = Automatic;
				GCC_INCREASE_PRECOMPILED_HEADER_SHARING = YES;
				GCC_PRECOMPILE_PREFIX_HEADER = YES;
				GCC_PREFIX_HEADER = /Users/wangyihan/Desktop/WyhFoundation/WyhFoundation/config/WyhPrefixHeader.pch;
				INFOPLIST_FILE = WyhFoundation/Info.plist;
				IPHONEOS_DEPLOYMENT_TARGET = 11.0;
				LD_RUNPATH_SEARCH_PATHS = (
					"$(inherited)",
					"@executable_path/Frameworks",
				);
				PRODUCT_BUNDLE_IDENTIFIER = c.WyhFoundation;
				PRODUCT_NAME = "$(TARGET_NAME)";
				SWIFT_OBJC_BRIDGING_HEADER = "WyhFoundation/oc/WyhFoundation-Bridging-Header.h";
				SWIFT_OPTIMIZATION_LEVEL = "-Onone";
				SWIFT_VERSION = 5.0;
				TARGETED_DEVICE_FAMILY = "1,2";
			};
			name = Debug;
		};
		7CA3E2D02654AAB500001D7A /* Release */ = {
			isa = XCBuildConfiguration;
			baseConfigurationReference = D30F079625C31298211B79ED /* Pods-WyhFoundation.release.xcconfig */;
			buildSettings = {
				ASSETCATALOG_COMPILER_APPICON_NAME = AppIcon;
				ASSETCATALOG_COMPILER_GLOBAL_ACCENT_COLOR_NAME = AccentColor;
				CLANG_ENABLE_MODULES = YES;
				CODE_SIGN_STYLE = Automatic;
				GCC_INCREASE_PRECOMPILED_HEADER_SHARING = YES;
				GCC_PRECOMPILE_PREFIX_HEADER = YES;
				GCC_PREFIX_HEADER = /Users/wangyihan/Desktop/WyhFoundation/WyhFoundation/config/WyhPrefixHeader.pch;
				INFOPLIST_FILE = WyhFoundation/Info.plist;
				IPHONEOS_DEPLOYMENT_TARGET = 11.0;
				LD_RUNPATH_SEARCH_PATHS = (
					"$(inherited)",
					"@executable_path/Frameworks",
				);
				PRODUCT_BUNDLE_IDENTIFIER = c.WyhFoundation;
				PRODUCT_NAME = "$(TARGET_NAME)";
				SWIFT_OBJC_BRIDGING_HEADER = "WyhFoundation/oc/WyhFoundation-Bridging-Header.h";
				SWIFT_VERSION = 5.0;
				TARGETED_DEVICE_FAMILY = "1,2";
			};
			name = Release;
		};
		7CA3E2D22654AAB500001D7A /* Debug */ = {
			isa = XCBuildConfiguration;
			baseConfigurationReference = B5C3CABCDE7DEB6C35664C59 /* Pods-WyhFoundationTests.debug.xcconfig */;
			buildSettings = {
				ALWAYS_EMBED_SWIFT_STANDARD_LIBRARIES = YES;
				BUNDLE_LOADER = "$(TEST_HOST)";
				CODE_SIGN_STYLE = Automatic;
				INFOPLIST_FILE = WyhFoundationTests/Info.plist;
				IPHONEOS_DEPLOYMENT_TARGET = 14.4;
				LD_RUNPATH_SEARCH_PATHS = (
					"$(inherited)",
					"@executable_path/Frameworks",
					"@loader_path/Frameworks",
				);
				PRODUCT_BUNDLE_IDENTIFIER = c.WyhFoundationTests;
				PRODUCT_NAME = "$(TARGET_NAME)";
				SWIFT_VERSION = 5.0;
				TARGETED_DEVICE_FAMILY = "1,2";
				TEST_HOST = "$(BUILT_PRODUCTS_DIR)/WyhFoundation.app/WyhFoundation";
			};
			name = Debug;
		};
		7CA3E2D32654AAB500001D7A /* Release */ = {
			isa = XCBuildConfiguration;
			baseConfigurationReference = 1CCAE172211BDE95ACFC1EDC /* Pods-WyhFoundationTests.release.xcconfig */;
			buildSettings = {
				ALWAYS_EMBED_SWIFT_STANDARD_LIBRARIES = YES;
				BUNDLE_LOADER = "$(TEST_HOST)";
				CODE_SIGN_STYLE = Automatic;
				INFOPLIST_FILE = WyhFoundationTests/Info.plist;
				IPHONEOS_DEPLOYMENT_TARGET = 14.4;
				LD_RUNPATH_SEARCH_PATHS = (
					"$(inherited)",
					"@executable_path/Frameworks",
					"@loader_path/Frameworks",
				);
				PRODUCT_BUNDLE_IDENTIFIER = c.WyhFoundationTests;
				PRODUCT_NAME = "$(TARGET_NAME)";
				SWIFT_VERSION = 5.0;
				TARGETED_DEVICE_FAMILY = "1,2";
				TEST_HOST = "$(BUILT_PRODUCTS_DIR)/WyhFoundation.app/WyhFoundation";
			};
			name = Release;
		};
		7CA3E2D52654AAB500001D7A /* Debug */ = {
			isa = XCBuildConfiguration;
			baseConfigurationReference = CE28981AC16B789E9EDA9959 /* Pods-WyhFoundation-WyhFoundationUITests.debug.xcconfig */;
			buildSettings = {
				ALWAYS_EMBED_SWIFT_STANDARD_LIBRARIES = YES;
				CODE_SIGN_STYLE = Automatic;
				INFOPLIST_FILE = WyhFoundationUITests/Info.plist;
				LD_RUNPATH_SEARCH_PATHS = (
					"$(inherited)",
					"@executable_path/Frameworks",
					"@loader_path/Frameworks",
				);
				PRODUCT_BUNDLE_IDENTIFIER = c.WyhFoundationUITests;
				PRODUCT_NAME = "$(TARGET_NAME)";
				SWIFT_VERSION = 5.0;
				TARGETED_DEVICE_FAMILY = "1,2";
				TEST_TARGET_NAME = WyhFoundation;
			};
			name = Debug;
		};
		7CA3E2D62654AAB500001D7A /* Release */ = {
			isa = XCBuildConfiguration;
			baseConfigurationReference = 44946BAFC622C09BAE4181C5 /* Pods-WyhFoundation-WyhFoundationUITests.release.xcconfig */;
			buildSettings = {
				ALWAYS_EMBED_SWIFT_STANDARD_LIBRARIES = YES;
				CODE_SIGN_STYLE = Automatic;
				INFOPLIST_FILE = WyhFoundationUITests/Info.plist;
				LD_RUNPATH_SEARCH_PATHS = (
					"$(inherited)",
					"@executable_path/Frameworks",
					"@loader_path/Frameworks",
				);
				PRODUCT_BUNDLE_IDENTIFIER = c.WyhFoundationUITests;
				PRODUCT_NAME = "$(TARGET_NAME)";
				SWIFT_VERSION = 5.0;
				TARGETED_DEVICE_FAMILY = "1,2";
				TEST_TARGET_NAME = WyhFoundation;
			};
			name = Release;
		};
/* End XCBuildConfiguration section */

/* Begin XCConfigurationList section */
		7CA3E29F2654AAB400001D7A /* Build configuration list for PBXProject "WyhFoundation" */ = {
			isa = XCConfigurationList;
			buildConfigurations = (
				7CA3E2CC2654AAB500001D7A /* Debug */,
				7CA3E2CD2654AAB500001D7A /* Release */,
			);
			defaultConfigurationIsVisible = 0;
			defaultConfigurationName = Release;
		};
		7CA3E2CE2654AAB500001D7A /* Build configuration list for PBXNativeTarget "WyhFoundation" */ = {
			isa = XCConfigurationList;
			buildConfigurations = (
				7CA3E2CF2654AAB500001D7A /* Debug */,
				7CA3E2D02654AAB500001D7A /* Release */,
			);
			defaultConfigurationIsVisible = 0;
			defaultConfigurationName = Release;
		};
		7CA3E2D12654AAB500001D7A /* Build configuration list for PBXNativeTarget "WyhFoundationTests" */ = {
			isa = XCConfigurationList;
			buildConfigurations = (
				7CA3E2D22654AAB500001D7A /* Debug */,
				7CA3E2D32654AAB500001D7A /* Release */,
			);
			defaultConfigurationIsVisible = 0;
			defaultConfigurationName = Release;
		};
		7CA3E2D42654AAB500001D7A /* Build configuration list for PBXNativeTarget "WyhFoundationUITests" */ = {
			isa = XCConfigurationList;
			buildConfigurations = (
				7CA3E2D52654AAB500001D7A /* Debug */,
				7CA3E2D62654AAB500001D7A /* Release */,
			);
			defaultConfigurationIsVisible = 0;
			defaultConfigurationName = Release;
		};
/* End XCConfigurationList section */
	};
	rootObject = 7CA3E29C2654AAB400001D7A /* Project object */;
}
